
Microsoft Visual Studio Solution File, Format Version 12.00
# Visual Studio 2013
VisualStudioVersion = 12.0.40629.0
MinimumVisualStudioVersion = 10.0.40219.1
Project("{FAE04EC0-301F-11D3-BF4B-00C04F79EFBC}") = "DbContext", "src\DbContext\DbContext.csproj", "{39BA3CF0-58AE-49A4-8B34-546407B6C4B9}"
EndProject
Project("{FAE04EC0-301F-11D3-BF4B-00C04F79EFBC}") = "DbContextTest", "tests\DbContextTest\DbContextTest.csproj", "{3CA11778-2CBB-4555-8A52-2E48CD57E405}"
EndProject
Global
	GlobalSection(SolutionConfigurationPlatforms) = preSolution
		Debug|Any CPU = Debug|Any CPU
		Release|Any CPU = Release|Any CPU
	EndGlobalSection
	GlobalSection(ProjectConfigurationPlatforms) = postSolution
		{39BA3CF0-58AE-49A4-8B34-546407B6C4B9}.Debug|Any CPU.ActiveCfg = Debug|Any CPU
		{39BA3CF0-58AE-49A4-8B34-546407B6C4B9}.Debug|Any CPU.Build.0 = Debug|Any CPU
		{39BA3CF0-58AE-49A4-8B34-546407B6C4B9}.Release|Any CPU.ActiveCfg = Release|Any CPU
		{39BA3CF0-58AE-49A4-8B34-546407B6C4B9}.Release|Any CPU.Build.0 = Release|Any CPU
		{3CA11778-2CBB-4555-8A52-2E48CD57E405}.Debug|Any CPU.ActiveCfg = Debug|Any CPU
		{3CA11778-2CBB-4555-8A52-2E48CD57E405}.Debug|Any CPU.Build.0 = Debug|Any CPU
		{3CA11778-2CBB-4555-8A52-2E48CD57E405}.Release|Any CPU.ActiveCfg = Release|Any CPU
		{3CA11778-2CBB-4555-8A52-2E48CD57E405}.Release|Any CPU.Build.0 = Release|Any CPU
	EndGlobalSection
	GlobalSection(SolutionProperties) = preSolution
		HideSolutionNode = FALSE
	EndGlobalSection
EndGlobal
